
Microsoft Visual Studio Solution File, Format Version 12.00
# Visual Studio Version 17
VisualStudioVersion = 17.11.35303.130
MinimumVisualStudioVersion = 10.0.40219.1
Project("{FAE04EC0-301F-11D3-BF4B-00C04F79EFBC}") = "Baitap5", "Baitap5\Baitap5.csproj", "{61C90348-7249-44BB-A771-AE2626036C6E}"
EndProject
Global
	GlobalSection(SolutionConfigurationPlatforms) = preSolution
		Debug|Any CPU = Debug|Any CPU
		Release|Any CPU = Release|Any CPU
	EndGlobalSection
	GlobalSection(ProjectConfigurationPlatforms) = postSolution
		{61C90348-7249-44BB-A771-AE2626036C6E}.Debug|Any CPU.ActiveCfg = Debug|Any CPU
		{61C90348-7249-44BB-A771-AE2626036C6E}.Debug|Any CPU.Build.0 = Debug|Any CPU
		{61C90348-7249-44BB-A771-AE2626036C6E}.Release|Any CPU.ActiveCfg = Release|Any CPU
		{61C90348-7249-44BB-A771-AE2626036C6E}.Release|Any CPU.Build.0 = Release|Any CPU
	EndGlobalSection
	GlobalSection(SolutionProperties) = preSolution
		HideSolutionNode = FALSE
	EndGlobalSection
	GlobalSection(ExtensibilityGlobals) = postSolution
		SolutionGuid = {AFC93C0C-79A6-4507-AD7A-4343B86049FE}
	EndGlobalSection
EndGlobal
